
Microsoft Visual Studio Solution File, Format Version 12.00
# Visual Studio Version 17
VisualStudioVersion = 17.12.35527.113
MinimumVisualStudioVersion = 10.0.40219.1
Project("{00D1A9C2-B5F0-4AF3-8072-F6C62B433612}") = "SimpleTracker.DB", "SimpleTracker.DB\SimpleTracker.DB.sqlproj", "{50AA4BF5-A5DF-4703-8097-DAD89468860B}"
EndProject
Project("{FAE04EC0-301F-11D3-BF4B-00C04F79EFBC}") = "SimpleTracker.DTO", "SimpleTracker.DTO\SimpleTracker.DTO.csproj", "{8BF65EC3-2793-46FF-8DFB-EE2A143A8186}"
EndProject
Project("{FAE04EC0-301F-11D3-BF4B-00C04F79EFBC}") = "SimpleTracker.Utility", "SimpleTracker.Utility\SimpleTracker.Utility.csproj", "{41E86834-442A-4328-9934-137AAE602438}"
EndProject
Project("{FAE04EC0-301F-11D3-BF4B-00C04F79EFBC}") = "SimpleTracker.DAL", "SimpleTracker.DAL\SimpleTracker.DAL.csproj", "{FAE91A52-8E32-46BA-A040-74E321BE015E}"
EndProject
Project("{FAE04EC0-301F-11D3-BF4B-00C04F79EFBC}") = "SimpleTracker.DbIntegrationTest", "SimpleTracker.DbIntegrationTest\SimpleTracker.DbIntegrationTest.csproj", "{450BE259-53DA-416A-8139-56E2D8A2C57A}"
EndProject
Project("{FAE04EC0-301F-11D3-BF4B-00C04F79EFBC}") = "SimpleTracker.Api", "SimpleTracker.Api\SimpleTracker.Api.csproj", "{32A5C105-1B27-49FE-9D4C-A0003AD71566}"
EndProject
Global
	GlobalSection(SolutionConfigurationPlatforms) = preSolution
		Debug|Any CPU = Debug|Any CPU
		Debug|x64 = Debug|x64
		Debug|x86 = Debug|x86
		Release|Any CPU = Release|Any CPU
		Release|x64 = Release|x64
		Release|x86 = Release|x86
	EndGlobalSection
	GlobalSection(ProjectConfigurationPlatforms) = postSolution
		{50AA4BF5-A5DF-4703-8097-DAD89468860B}.Debug|Any CPU.ActiveCfg = Debug|Any CPU
		{50AA4BF5-A5DF-4703-8097-DAD89468860B}.Debug|Any CPU.Build.0 = Debug|Any CPU
		{50AA4BF5-A5DF-4703-8097-DAD89468860B}.Debug|Any CPU.Deploy.0 = Debug|Any CPU
		{50AA4BF5-A5DF-4703-8097-DAD89468860B}.Debug|x64.ActiveCfg = Debug|x64
		{50AA4BF5-A5DF-4703-8097-DAD89468860B}.Debug|x86.ActiveCfg = Debug|x86
		{50AA4BF5-A5DF-4703-8097-DAD89468860B}.Release|Any CPU.ActiveCfg = Release|Any CPU
		{50AA4BF5-A5DF-4703-8097-DAD89468860B}.Release|Any CPU.Build.0 = Release|Any CPU
		{50AA4BF5-A5DF-4703-8097-DAD89468860B}.Release|Any CPU.Deploy.0 = Release|Any CPU
		{50AA4BF5-A5DF-4703-8097-DAD89468860B}.Release|x64.ActiveCfg = Release|x64
		{50AA4BF5-A5DF-4703-8097-DAD89468860B}.Release|x86.ActiveCfg = Release|x86
		{8BF65EC3-2793-46FF-8DFB-EE2A143A8186}.Debug|Any CPU.ActiveCfg = Debug|Any CPU
		{8BF65EC3-2793-46FF-8DFB-EE2A143A8186}.Debug|Any CPU.Build.0 = Debug|Any CPU
		{8BF65EC3-2793-46FF-8DFB-EE2A143A8186}.Debug|x64.ActiveCfg = Debug|Any CPU
		{8BF65EC3-2793-46FF-8DFB-EE2A143A8186}.Debug|x64.Build.0 = Debug|Any CPU
		{8BF65EC3-2793-46FF-8DFB-EE2A143A8186}.Debug|x86.ActiveCfg = Debug|Any CPU
		{8BF65EC3-2793-46FF-8DFB-EE2A143A8186}.Debug|x86.Build.0 = Debug|Any CPU
		{8BF65EC3-2793-46FF-8DFB-EE2A143A8186}.Release|Any CPU.ActiveCfg = Release|Any CPU
		{8BF65EC3-2793-46FF-8DFB-EE2A143A8186}.Release|Any CPU.Build.0 = Release|Any CPU
		{8BF65EC3-2793-46FF-8DFB-EE2A143A8186}.Release|x64.ActiveCfg = Release|Any CPU
		{8BF65EC3-2793-46FF-8DFB-EE2A143A8186}.Release|x64.Build.0 = Release|Any CPU
		{8BF65EC3-2793-46FF-8DFB-EE2A143A8186}.Release|x86.ActiveCfg = Release|Any CPU
		{8BF65EC3-2793-46FF-8DFB-EE2A143A8186}.Release|x86.Build.0 = Release|Any CPU
		{41E86834-442A-4328-9934-137AAE602438}.Debug|Any CPU.ActiveCfg = Debug|Any CPU
		{41E86834-442A-4328-9934-137AAE602438}.Debug|Any CPU.Build.0 = Debug|Any CPU
		{41E86834-442A-4328-9934-137AAE602438}.Debug|x64.ActiveCfg = Debug|Any CPU
		{41E86834-442A-4328-9934-137AAE602438}.Debug|x64.Build.0 = Debug|Any CPU
		{41E86834-442A-4328-9934-137AAE602438}.Debug|x86.ActiveCfg = Debug|Any CPU
		{41E86834-442A-4328-9934-137AAE602438}.Debug|x86.Build.0 = Debug|Any CPU
		{41E86834-442A-4328-9934-137AAE602438}.Release|Any CPU.ActiveCfg = Release|Any CPU
		{41E86834-442A-4328-9934-137AAE602438}.Release|Any CPU.Build.0 = Release|Any CPU
		{41E86834-442A-4328-9934-137AAE602438}.Release|x64.ActiveCfg = Release|Any CPU
		{41E86834-442A-4328-9934-137AAE602438}.Release|x64.Build.0 = Release|Any CPU
		{41E86834-442A-4328-9934-137AAE602438}.Release|x86.ActiveCfg = Release|Any CPU
		{41E86834-442A-4328-9934-137AAE602438}.Release|x86.Build.0 = Release|Any CPU
		{FAE91A52-8E32-46BA-A040-74E321BE015E}.Debug|Any CPU.ActiveCfg = Debug|Any CPU
		{FAE91A52-8E32-46BA-A040-74E321BE015E}.Debug|Any CPU.Build.0 = Debug|Any CPU
		{FAE91A52-8E32-46BA-A040-74E321BE015E}.Debug|x64.ActiveCfg = Debug|Any CPU
		{FAE91A52-8E32-46BA-A040-74E321BE015E}.Debug|x64.Build.0 = Debug|Any CPU
		{FAE91A52-8E32-46BA-A040-74E321BE015E}.Debug|x86.ActiveCfg = Debug|Any CPU
		{FAE91A52-8E32-46BA-A040-74E321BE015E}.Debug|x86.Build.0 = Debug|Any CPU
		{FAE91A52-8E32-46BA-A040-74E321BE015E}.Release|Any CPU.ActiveCfg = Release|Any CPU
		{FAE91A52-8E32-46BA-A040-74E321BE015E}.Release|Any CPU.Build.0 = Release|Any CPU
		{FAE91A52-8E32-46BA-A040-74E321BE015E}.Release|x64.ActiveCfg = Release|Any CPU
		{FAE91A52-8E32-46BA-A040-74E321BE015E}.Release|x64.Build.0 = Release|Any CPU
		{FAE91A52-8E32-46BA-A040-74E321BE015E}.Release|x86.ActiveCfg = Release|Any CPU
		{FAE91A52-8E32-46BA-A040-74E321BE015E}.Release|x86.Build.0 = Release|Any CPU
		{450BE259-53DA-416A-8139-56E2D8A2C57A}.Debug|Any CPU.ActiveCfg = Debug|Any CPU
		{450BE259-53DA-416A-8139-56E2D8A2C57A}.Debug|Any CPU.Build.0 = Debug|Any CPU
		{450BE259-53DA-416A-8139-56E2D8A2C57A}.Debug|x64.ActiveCfg = Debug|Any CPU
		{450BE259-53DA-416A-8139-56E2D8A2C57A}.Debug|x64.Build.0 = Debug|Any CPU
		{450BE259-53DA-416A-8139-56E2D8A2C57A}.Debug|x86.ActiveCfg = Debug|Any CPU
		{450BE259-53DA-416A-8139-56E2D8A2C57A}.Debug|x86.Build.0 = Debug|Any CPU
		{450BE259-53DA-416A-8139-56E2D8A2C57A}.Release|Any CPU.ActiveCfg = Release|Any CPU
		{450BE259-53DA-416A-8139-56E2D8A2C57A}.Release|Any CPU.Build.0 = Release|Any CPU
		{450BE259-53DA-416A-8139-56E2D8A2C57A}.Release|x64.ActiveCfg = Release|Any CPU
		{450BE259-53DA-416A-8139-56E2D8A2C57A}.Release|x64.Build.0 = Release|Any CPU
		{450BE259-53DA-416A-8139-56E2D8A2C57A}.Release|x86.ActiveCfg = Release|Any CPU
		{450BE259-53DA-416A-8139-56E2D8A2C57A}.Release|x86.Build.0 = Release|Any CPU
		{32A5C105-1B27-49FE-9D4C-A0003AD71566}.Debug|Any CPU.ActiveCfg = Debug|Any CPU
		{32A5C105-1B27-49FE-9D4C-A0003AD71566}.Debug|Any CPU.Build.0 = Debug|Any CPU
		{32A5C105-1B27-49FE-9D4C-A0003AD71566}.Debug|x64.ActiveCfg = Debug|Any CPU
		{32A5C105-1B27-49FE-9D4C-A0003AD71566}.Debug|x64.Build.0 = Debug|Any CPU
		{32A5C105-1B27-49FE-9D4C-A0003AD71566}.Debug|x86.ActiveCfg = Debug|Any CPU
		{32A5C105-1B27-49FE-9D4C-A0003AD71566}.Debug|x86.Build.0 = Debug|Any CPU
		{32A5C105-1B27-49FE-9D4C-A0003AD71566}.Release|Any CPU.ActiveCfg = Release|Any CPU
		{32A5C105-1B27-49FE-9D4C-A0003AD71566}.Release|Any CPU.Build.0 = Release|Any CPU
		{32A5C105-1B27-49FE-9D4C-A0003AD71566}.Release|x64.ActiveCfg = Release|Any CPU
		{32A5C105-1B27-49FE-9D4C-A0003AD71566}.Release|x64.Build.0 = Release|Any CPU
		{32A5C105-1B27-49FE-9D4C-A0003AD71566}.Release|x86.ActiveCfg = Release|Any CPU
		{32A5C105-1B27-49FE-9D4C-A0003AD71566}.Release|x86.Build.0 = Release|Any CPU
	EndGlobalSection
	GlobalSection(SolutionProperties) = preSolution
		HideSolutionNode = FALSE
	EndGlobalSection
	GlobalSection(ExtensibilityGlobals) = postSolution
		SolutionGuid = {5FA8B39B-49F6-4805-A980-1890103925AE}
	EndGlobalSection
EndGlobal
